# THIS IS AN AUTOGENERATED FILE. DO NOT EDIT THIS FILE DIRECTLY.
# yarn lockfile v1


"@aws-lambda-powertools/commons@2.24.1":
  version "2.24.1"
  resolved "https://registry.npmjs.org/@aws-lambda-powertools/commons/-/commons-2.24.1.tgz#db7c365eaa4e0365b205e3729082ad3d9aa8a5a0"
  integrity sha512-/CnngAi5HeWPWshGPyfctR/Cbmx1jVPa5mwutfmM2Z1sE8hRkJ4tsdpzXyub8RiwptU8QD7XfyhJts+0whjwkg==

"@aws-lambda-powertools/logger@^2.23.0":
  version "2.24.1"
  resolved "https://registry.npmjs.org/@aws-lambda-powertools/logger/-/logger-2.24.1.tgz#260a12b94daa52866f4db327b168e5f0334de33b"
  integrity sha512-rIM3Nprv8bxPGYn5uf0bvG64m/TISCjf89E/CWMCAKDlC7cAJbM5O0EmPI0woduMeJk8LuUOqFbADd4JUiLGmw==
  dependencies:
    "@aws-lambda-powertools/commons" "2.24.1"
    lodash.merge "^4.6.2"

"@aws-lambda-powertools/tracer@^2.23.0":
  version "2.24.1"
  resolved "https://registry.npmjs.org/@aws-lambda-powertools/tracer/-/tracer-2.24.1.tgz#40792571da3be4fccd40b10b1343ebf216183217"
  integrity sha512-QuX7gkVeLnpE78XuzUESvILhhEyg8c6QkBTKaLlhCSncrmg7rxymMBC1kTXll9DUNDt6gpHVPQd8bRKPAnmjvg==
  dependencies:
    "@aws-lambda-powertools/commons" "2.24.1"
    aws-xray-sdk-core "^3.10.3"

"@aws-sdk/types@^3.4.1":
  version "3.840.0"
  resolved "https://registry.npmjs.org/@aws-sdk/types/-/types-3.840.0.tgz#aadc6843d5c1f24b3d1d228059e702a355bf07c3"
  integrity sha512-xliuHaUFZxEx1NSXeLLZ9Dyu6+EJVQKEoD+yM+zqUo3YDZ7medKJWY6fIOKiPX/N7XbLdBYwajb15Q7IL8KkeA==
  dependencies:
    "@smithy/types" "^4.3.1"
    tslib "^2.6.2"

"@esbuild/aix-ppc64@0.25.8":
  version "0.25.8"
  resolved "https://registry.npmjs.org/@esbuild/aix-ppc64/-/aix-ppc64-0.25.8.tgz#a1414903bb38027382f85f03dda6065056757727"
  integrity sha512-urAvrUedIqEiFR3FYSLTWQgLu5tb+m0qZw0NBEasUeo6wuqatkMDaRT+1uABiGXEu5vqgPd7FGE1BhsAIy9QVA==

"@esbuild/android-arm64@0.25.8":
  version "0.25.8"
  resolved "https://registry.npmjs.org/@esbuild/android-arm64/-/android-arm64-0.25.8.tgz#c859994089e9767224269884061f89dae6fb51c6"
  integrity sha512-OD3p7LYzWpLhZEyATcTSJ67qB5D+20vbtr6vHlHWSQYhKtzUYrETuWThmzFpZtFsBIxRvhO07+UgVA9m0i/O1w==

"@esbuild/android-arm@0.25.8":
  version "0.25.8"
  resolved "https://registry.npmjs.org/@esbuild/android-arm/-/android-arm-0.25.8.tgz#96a8f2ca91c6cd29ea90b1af79d83761c8ba0059"
  integrity sha512-RONsAvGCz5oWyePVnLdZY/HHwA++nxYWIX1atInlaW6SEkwq6XkP3+cb825EUcRs5Vss/lGh/2YxAb5xqc07Uw==

"@esbuild/android-x64@0.25.8":
  version "0.25.8"
  resolved "https://registry.npmjs.org/@esbuild/android-x64/-/android-x64-0.25.8.tgz#a3a626c4fec4a024a9fa8c7679c39996e92916f0"
  integrity sha512-yJAVPklM5+4+9dTeKwHOaA+LQkmrKFX96BM0A/2zQrbS6ENCmxc4OVoBs5dPkCCak2roAD+jKCdnmOqKszPkjA==

"@esbuild/darwin-arm64@0.25.8":
  version "0.25.8"
  resolved "https://registry.npmjs.org/@esbuild/darwin-arm64/-/darwin-arm64-0.25.8.tgz#a5e1252ca2983d566af1c0ea39aded65736fc66d"
  integrity sha512-Jw0mxgIaYX6R8ODrdkLLPwBqHTtYHJSmzzd+QeytSugzQ0Vg4c5rDky5VgkoowbZQahCbsv1rT1KW72MPIkevw==

"@esbuild/darwin-x64@0.25.8":
  version "0.25.8"
  resolved "https://registry.npmjs.org/@esbuild/darwin-x64/-/darwin-x64-0.25.8.tgz#5271b0df2bb12ce8df886704bfdd1c7cc01385d2"
  integrity sha512-Vh2gLxxHnuoQ+GjPNvDSDRpoBCUzY4Pu0kBqMBDlK4fuWbKgGtmDIeEC081xi26PPjn+1tct+Bh8FjyLlw1Zlg==

"@esbuild/freebsd-arm64@0.25.8":
  version "0.25.8"
  resolved "https://registry.npmjs.org/@esbuild/freebsd-arm64/-/freebsd-arm64-0.25.8.tgz#d0a0e7fdf19733b8bb1566b81df1aa0bb7e46ada"
  integrity sha512-YPJ7hDQ9DnNe5vxOm6jaie9QsTwcKedPvizTVlqWG9GBSq+BuyWEDazlGaDTC5NGU4QJd666V0yqCBL2oWKPfA==

"@esbuild/freebsd-x64@0.25.8":
  version "0.25.8"
  resolved "https://registry.npmjs.org/@esbuild/freebsd-x64/-/freebsd-x64-0.25.8.tgz#2de8b2e0899d08f1cb1ef3128e159616e7e85343"
  integrity sha512-MmaEXxQRdXNFsRN/KcIimLnSJrk2r5H8v+WVafRWz5xdSVmWLoITZQXcgehI2ZE6gioE6HirAEToM/RvFBeuhw==

"@esbuild/linux-arm64@0.25.8":
  version "0.25.8"
  resolved "https://registry.npmjs.org/@esbuild/linux-arm64/-/linux-arm64-0.25.8.tgz#a4209efadc0c2975716458484a4e90c237c48ae9"
  integrity sha512-WIgg00ARWv/uYLU7lsuDK00d/hHSfES5BzdWAdAig1ioV5kaFNrtK8EqGcUBJhYqotlUByUKz5Qo6u8tt7iD/w==

"@esbuild/linux-arm@0.25.8":
  version "0.25.8"
  resolved "https://registry.npmjs.org/@esbuild/linux-arm/-/linux-arm-0.25.8.tgz#ccd9e291c24cd8d9142d819d463e2e7200d25b19"
  integrity sha512-FuzEP9BixzZohl1kLf76KEVOsxtIBFwCaLupVuk4eFVnOZfU+Wsn+x5Ryam7nILV2pkq2TqQM9EZPsOBuMC+kg==

"@esbuild/linux-ia32@0.25.8":
  version "0.25.8"
  resolved "https://registry.npmjs.org/@esbuild/linux-ia32/-/linux-ia32-0.25.8.tgz#006ad1536d0c2b28fb3a1cf0b53bcb85aaf92c4d"
  integrity sha512-A1D9YzRX1i+1AJZuFFUMP1E9fMaYY+GnSQil9Tlw05utlE86EKTUA7RjwHDkEitmLYiFsRd9HwKBPEftNdBfjg==

"@esbuild/linux-loong64@0.25.8":
  version "0.25.8"
  resolved "https://registry.npmjs.org/@esbuild/linux-loong64/-/linux-loong64-0.25.8.tgz#127b3fbfb2c2e08b1397e985932f718f09a8f5c4"
  integrity sha512-O7k1J/dwHkY1RMVvglFHl1HzutGEFFZ3kNiDMSOyUrB7WcoHGf96Sh+64nTRT26l3GMbCW01Ekh/ThKM5iI7hQ==

"@esbuild/linux-mips64el@0.25.8":
  version "0.25.8"
  resolved "https://registry.npmjs.org/@esbuild/linux-mips64el/-/linux-mips64el-0.25.8.tgz#837d1449517791e3fa7d82675a2d06d9f56cb340"
  integrity sha512-uv+dqfRazte3BzfMp8PAQXmdGHQt2oC/y2ovwpTteqrMx2lwaksiFZ/bdkXJC19ttTvNXBuWH53zy/aTj1FgGw==

"@esbuild/linux-ppc64@0.25.8":
  version "0.25.8"
  resolved "https://registry.npmjs.org/@esbuild/linux-ppc64/-/linux-ppc64-0.25.8.tgz#aa2e3bd93ab8df084212f1895ca4b03c42d9e0fe"
  integrity sha512-GyG0KcMi1GBavP5JgAkkstMGyMholMDybAf8wF5A70CALlDM2p/f7YFE7H92eDeH/VBtFJA5MT4nRPDGg4JuzQ==

"@esbuild/linux-riscv64@0.25.8":
  version "0.25.8"
  resolved "https://registry.npmjs.org/@esbuild/linux-riscv64/-/linux-riscv64-0.25.8.tgz#a340620e31093fef72767dd28ab04214b3442083"
  integrity sha512-rAqDYFv3yzMrq7GIcen3XP7TUEG/4LK86LUPMIz6RT8A6pRIDn0sDcvjudVZBiiTcZCY9y2SgYX2lgK3AF+1eg==

"@esbuild/linux-s390x@0.25.8":
  version "0.25.8"
  resolved "https://registry.npmjs.org/@esbuild/linux-s390x/-/linux-s390x-0.25.8.tgz#ddfed266c8c13f5efb3105a0cd47f6dcd0e79e71"
  integrity sha512-Xutvh6VjlbcHpsIIbwY8GVRbwoviWT19tFhgdA7DlenLGC/mbc3lBoVb7jxj9Z+eyGqvcnSyIltYUrkKzWqSvg==

"@esbuild/linux-x64@0.25.8":
  version "0.25.8"
  resolved "https://registry.npmjs.org/@esbuild/linux-x64/-/linux-x64-0.25.8.tgz#9a4f78c75c051e8c060183ebb39a269ba936a2ac"
  integrity sha512-ASFQhgY4ElXh3nDcOMTkQero4b1lgubskNlhIfJrsH5OKZXDpUAKBlNS0Kx81jwOBp+HCeZqmoJuihTv57/jvQ==

"@esbuild/netbsd-arm64@0.25.8":
  version "0.25.8"
  resolved "https://registry.npmjs.org/@esbuild/netbsd-arm64/-/netbsd-arm64-0.25.8.tgz#902c80e1d678047926387230bc037e63e00697d0"
  integrity sha512-d1KfruIeohqAi6SA+gENMuObDbEjn22olAR7egqnkCD9DGBG0wsEARotkLgXDu6c4ncgWTZJtN5vcgxzWRMzcw==

"@esbuild/netbsd-x64@0.25.8":
  version "0.25.8"
  resolved "https://registry.npmjs.org/@esbuild/netbsd-x64/-/netbsd-x64-0.25.8.tgz#2d9eb4692add2681ff05a14ce99de54fbed7079c"
  integrity sha512-nVDCkrvx2ua+XQNyfrujIG38+YGyuy2Ru9kKVNyh5jAys6n+l44tTtToqHjino2My8VAY6Lw9H7RI73XFi66Cg==

"@esbuild/openbsd-arm64@0.25.8":
  version "0.25.8"
  resolved "https://registry.npmjs.org/@esbuild/openbsd-arm64/-/openbsd-arm64-0.25.8.tgz#89c3b998c6de739db38ab7fb71a8a76b3fa84a45"
  integrity sha512-j8HgrDuSJFAujkivSMSfPQSAa5Fxbvk4rgNAS5i3K+r8s1X0p1uOO2Hl2xNsGFppOeHOLAVgYwDVlmxhq5h+SQ==

"@esbuild/openbsd-x64@0.25.8":
  version "0.25.8"
  resolved "https://registry.npmjs.org/@esbuild/openbsd-x64/-/openbsd-x64-0.25.8.tgz#2f01615cf472b0e48c077045cfd96b5c149365cc"
  integrity sha512-1h8MUAwa0VhNCDp6Af0HToI2TJFAn1uqT9Al6DJVzdIBAd21m/G0Yfc77KDM3uF3T/YaOgQq3qTJHPbTOInaIQ==

"@esbuild/openharmony-arm64@0.25.8":
  version "0.25.8"
  resolved "https://registry.npmjs.org/@esbuild/openharmony-arm64/-/openharmony-arm64-0.25.8.tgz#a201f720cd2c3ebf9a6033fcc3feb069a54b509a"
  integrity sha512-r2nVa5SIK9tSWd0kJd9HCffnDHKchTGikb//9c7HX+r+wHYCpQrSgxhlY6KWV1nFo1l4KFbsMlHk+L6fekLsUg==

"@esbuild/sunos-x64@0.25.8":
  version "0.25.8"
  resolved "https://registry.npmjs.org/@esbuild/sunos-x64/-/sunos-x64-0.25.8.tgz#07046c977985a3334667f19e6ab3a01a80862afb"
  integrity sha512-zUlaP2S12YhQ2UzUfcCuMDHQFJyKABkAjvO5YSndMiIkMimPmxA+BYSBikWgsRpvyxuRnow4nS5NPnf9fpv41w==

"@esbuild/win32-arm64@0.25.8":
  version "0.25.8"
  resolved "https://registry.npmjs.org/@esbuild/win32-arm64/-/win32-arm64-0.25.8.tgz#4a5470caf0d16127c05d4833d4934213c69392d1"
  integrity sha512-YEGFFWESlPva8hGL+zvj2z/SaK+pH0SwOM0Nc/d+rVnW7GSTFlLBGzZkuSU9kFIGIo8q9X3ucpZhu8PDN5A2sQ==

"@esbuild/win32-ia32@0.25.8":
  version "0.25.8"
  resolved "https://registry.npmjs.org/@esbuild/win32-ia32/-/win32-ia32-0.25.8.tgz#3de3e8470b7b328d99dbc3e9ec1eace207e5bbc4"
  integrity sha512-hiGgGC6KZ5LZz58OL/+qVVoZiuZlUYlYHNAmczOm7bs2oE1XriPFi5ZHHrS8ACpV5EjySrnoCKmcbQMN+ojnHg==

"@esbuild/win32-x64@0.25.8":
  version "0.25.8"
  resolved "https://registry.npmjs.org/@esbuild/win32-x64/-/win32-x64-0.25.8.tgz#610d7ea539d2fcdbe39237b5cc175eb2c4451f9c"
  integrity sha512-cn3Yr7+OaaZq1c+2pe+8yxC8E144SReCQjN6/2ynubzYjvyqZjTXfQJpAcQpsdJq3My7XADANiYGHoFC69pLQw==

"@middy/core@^6.3.2":
  version "6.4.1"
  resolved "https://registry.npmjs.org/@middy/core/-/core-6.4.1.tgz#9e8b87e31c6907ca57bc14421e3f51f78b269508"
  integrity sha512-NaKLoLUSkoxite0hkw5Tsa3DmuWyhRkZBbhD1tvr7FCWmj+MaQapNEvKMOSVNx/ET4ifY3KnKp0Zm0Q141Xcmg==

"@middy/http-event-normalizer@^6.3.2":
  version "6.4.1"
  resolved "https://registry.npmjs.org/@middy/http-event-normalizer/-/http-event-normalizer-6.4.1.tgz#b5ff0b96172f9f5205428fab63a11fe72d555638"
  integrity sha512-NgzhQOi8T+OD2xvE8AeyFGhCXyV3ighoVeiZLma4AWsg/+Vnu9qeAr95VyPYuBZ/pczf/3HTRV1ZMteW6hpc4A==

"@middy/http-json-body-parser@^6.4.1":
  version "6.4.1"
  resolved "https://registry.npmjs.org/@middy/http-json-body-parser/-/http-json-body-parser-6.4.1.tgz#e13d8672cf7192abf8ff1d14d95af1aec7401cc0"
  integrity sha512-gEjx2LD/7tkun1kCOHR1lg4Wu8FAwDbRqv38rhM+Pkd/yZP02cfrRzyG9GS5qQV9CsGRpdpuJLX7ZcAEPmNLsg==
  dependencies:
    "@middy/util" "6.4.1"

"@middy/util@6.4.1":
  version "6.4.1"
  resolved "https://registry.npmjs.org/@middy/util/-/util-6.4.1.tgz#8a986eb2afcc2c5beb2ecbf45ca42c8ca8bb89e1"
  integrity sha512-/re+VOjVo/UrGbUmFDW5ty4H7YNUor76SWo+tjtEOj1950luXSvdfb1xQUz850SQs0HVUfBCfJaGYZ5hy/o2Vg==

"@smithy/service-error-classification@^2.0.4":
  version "2.1.5"
  resolved "https://registry.npmjs.org/@smithy/service-error-classification/-/service-error-classification-2.1.5.tgz#0568a977cc0db36299d8703a5d8609c1f600c005"
  integrity sha512-uBDTIBBEdAQryvHdc5W8sS5YX7RQzF683XrHePVdFmAgKiMofU15FLSM0/HU03hKTnazdNRFa0YHS7+ArwoUSQ==
  dependencies:
    "@smithy/types" "^2.12.0"

"@smithy/types@^2.12.0":
  version "2.12.0"
  resolved "https://registry.npmjs.org/@smithy/types/-/types-2.12.0.tgz#c44845f8ba07e5e8c88eda5aed7e6a0c462da041"
  integrity sha512-QwYgloJ0sVNBeBuBs65cIkTbfzV/Q6ZNPCJ99EICFEdJYG50nGIY/uYXp+TbsdJReIuPr0a0kXmCvren3MbRRw==
  dependencies:
    tslib "^2.6.2"

"@smithy/types@^4.3.1":
  version "4.3.1"
  resolved "https://registry.npmjs.org/@smithy/types/-/types-4.3.1.tgz#c11276ea16235d798f47a68aef9f44d3dbb70dd4"
  integrity sha512-UqKOQBL2x6+HWl3P+3QqFD4ncKq0I8Nuz9QItGv5WuKuMHuuwlhvqcZCoXGfc+P1QmfJE7VieykoYYmrOoFJxA==
  dependencies:
    tslib "^2.6.2"

"@types/aws-lambda@^8.10.150":
  version "8.10.152"
  resolved "https://registry.npmjs.org/@types/aws-lambda/-/aws-lambda-8.10.152.tgz#f68424a8175f0a54a2a941e65b76c3f51f3bd89d"
  integrity sha512-soT/c2gYBnT5ygwiHPmd9a1bftj462NWVk2tKCc1PYHSIacB2UwbTS2zYG4jzag1mRDuzg/OjtxQjQ2NKRB6Rw==

"@types/cls-hooked@^4.3.3":
  version "4.3.9"
  resolved "https://registry.npmjs.org/@types/cls-hooked/-/cls-hooked-4.3.9.tgz#2cff2f7ca961d53213ef626f96afa986a66d3fad"
  integrity sha512-CMtHMz6Q/dkfcHarq9nioXH8BDPP+v5xvd+N90lBQ2bdmu06UvnLDqxTKoOJzz4SzIwb/x9i4UXGAAcnUDuIvg==
  dependencies:
    "@types/node" "*"

"@types/node@*":
  version "24.1.0"
  resolved "https://registry.npmjs.org/@types/node/-/node-24.1.0.tgz#0993f7dc31ab5cc402d112315b463e383d68a49c"
  integrity sha512-ut5FthK5moxFKH2T1CUOC6ctR67rQRvvHdFLCD2Ql6KXmMuCrjsSsRI9UsLCm9M18BMwClv4pn327UvB7eeO1w==
  dependencies:
    undici-types "~7.8.0"

async-hook-jl@^1.7.6:
  version "1.7.6"
  resolved "https://registry.npmjs.org/async-hook-jl/-/async-hook-jl-1.7.6.tgz#4fd25c2f864dbaf279c610d73bf97b1b28595e68"
  integrity sha512-gFaHkFfSxTjvoxDMYqDuGHlcRyUuamF8s+ZTtJdDzqjws4mCt7v0vuV79/E2Wr2/riMQgtG4/yUtXWs1gZ7JMg==
  dependencies:
    stack-chain "^1.3.7"

atomic-batcher@^1.0.2:
  version "1.0.2"
  resolved "https://registry.npmjs.org/atomic-batcher/-/atomic-batcher-1.0.2.tgz#d16901d10ccec59516c197b9ccd8930689b813b4"
  integrity sha512-EFGCRj4kLX1dHv1cDzTk+xbjBFj1GnJDpui52YmEcxxHHEWjYyT6l51U7n6WQ28osZH4S9gSybxe56Vm7vB61Q==

aws-xray-sdk-core@^3.10.3:
  version "3.10.3"
  resolved "https://registry.npmjs.org/aws-xray-sdk-core/-/aws-xray-sdk-core-3.10.3.tgz#14af55243dbfdffdbbb2cca65302dd16a45a276a"
  integrity sha512-bltsLAr4juMJJ2tT5/L/CtwUGIvHihtPe6SO/z3jjOD73PHhOYxcuwCMFFyTbTy5S4WThJO32oZk7r+pg3ZoCQ==
  dependencies:
    "@aws-sdk/types" "^3.4.1"
    "@smithy/service-error-classification" "^2.0.4"
    "@types/cls-hooked" "^4.3.3"
    atomic-batcher "^1.0.2"
    cls-hooked "^4.2.2"
    semver "^7.5.3"

cls-hooked@^4.2.2:
  version "4.2.2"
  resolved "https://registry.npmjs.org/cls-hooked/-/cls-hooked-4.2.2.tgz#ad2e9a4092680cdaffeb2d3551da0e225eae1908"
  integrity sha512-J4Xj5f5wq/4jAvcdgoGsL3G103BtWpZrMo8NEinRltN+xpTZdI+M38pyQqhuFU/P792xkMFvnKSf+Lm81U1bxw==
  dependencies:
    async-hook-jl "^1.7.6"
    emitter-listener "^1.0.1"
    semver "^5.4.1"

destr@^2.0.3:
  version "2.0.5"
  resolved "https://registry.npmjs.org/destr/-/destr-2.0.5.tgz#7d112ff1b925fb8d2079fac5bdb4a90973b51fdb"
  integrity sha512-ugFTXCtDZunbzasqBxrK93Ik/DRYsO6S/fedkWEMKqt04xZ4csmnmwGDBAb07QWNaGMAmnTIemsYZCksjATwsA==

emitter-listener@^1.0.1:
  version "1.1.2"
  resolved "https://registry.npmjs.org/emitter-listener/-/emitter-listener-1.1.2.tgz#56b140e8f6992375b3d7cb2cab1cc7432d9632e8"
  integrity sha512-Bt1sBAGFHY9DKY+4/2cV6izcKJUf5T7/gkdmkxzX/qv9CcGH8xSwVRW5mtX03SWJtRTWSOpzCuWN9rBFYZepZQ==
  dependencies:
    shimmer "^1.2.0"

esbuild@^0.25.6:
  version "0.25.8"
  resolved "https://registry.npmjs.org/esbuild/-/esbuild-0.25.8.tgz#482d42198b427c9c2f3a81b63d7663aecb1dda07"
  integrity sha512-vVC0USHGtMi8+R4Kz8rt6JhEWLxsv9Rnu/lGYbPR8u47B+DCBksq9JarW0zOO7bs37hyOK1l2/oqtbciutL5+Q==
  optionalDependencies:
    "@esbuild/aix-ppc64" "0.25.8"
    "@esbuild/android-arm" "0.25.8"
    "@esbuild/android-arm64" "0.25.8"
    "@esbuild/android-x64" "0.25.8"
    "@esbuild/darwin-arm64" "0.25.8"
    "@esbuild/darwin-x64" "0.25.8"
    "@esbuild/freebsd-arm64" "0.25.8"
    "@esbuild/freebsd-x64" "0.25.8"
    "@esbuild/linux-arm" "0.25.8"
    "@esbuild/linux-arm64" "0.25.8"
    "@esbuild/linux-ia32" "0.25.8"
    "@esbuild/linux-loong64" "0.25.8"
    "@esbuild/linux-mips64el" "0.25.8"
    "@esbuild/linux-ppc64" "0.25.8"
    "@esbuild/linux-riscv64" "0.25.8"
    "@esbuild/linux-s390x" "0.25.8"
    "@esbuild/linux-x64" "0.25.8"
    "@esbuild/netbsd-arm64" "0.25.8"
    "@esbuild/netbsd-x64" "0.25.8"
    "@esbuild/openbsd-arm64" "0.25.8"
    "@esbuild/openbsd-x64" "0.25.8"
    "@esbuild/openharmony-arm64" "0.25.8"
    "@esbuild/sunos-x64" "0.25.8"
    "@esbuild/win32-arm64" "0.25.8"
    "@esbuild/win32-ia32" "0.25.8"
    "@esbuild/win32-x64" "0.25.8"

lodash.merge@^4.6.2:
  version "4.6.2"
  resolved "https://registry.npmjs.org/lodash.merge/-/lodash.merge-4.6.2.tgz#558aa53b43b661e1925a0afdfa36a9a1085fe57a"
  integrity sha512-0KpjqXRVvrYyCsX1swR/XTK0va6VQkQM6MNo7PqW77ByjAhoARA8EfrP1N4+KlKj8YS0ZUCtRT/YUuhyYDujIQ==

node-fetch-native@^1.6.4:
  version "1.6.6"
  resolved "https://registry.npmjs.org/node-fetch-native/-/node-fetch-native-1.6.6.tgz#ae1d0e537af35c2c0b0de81cbff37eedd410aa37"
  integrity sha512-8Mc2HhqPdlIfedsuZoc3yioPuzp6b+L5jRCRY1QzuWZh2EGJVQrGppC6V6cF0bLdbW0+O2YpqCA25aF/1lvipQ==

ofetch@^1.4.1:
  version "1.4.1"
  resolved "https://registry.npmjs.org/ofetch/-/ofetch-1.4.1.tgz#b6bf6b0d75ba616cef6519dd8b6385a8bae480ec"
  integrity sha512-QZj2DfGplQAr2oj9KzceK9Hwz6Whxazmn85yYeVuS3u9XTMOGMRx0kO95MQ+vLsj/S/NwBDMMLU5hpxvI6Tklw==
  dependencies:
    destr "^2.0.3"
    node-fetch-native "^1.6.4"
    ufo "^1.5.4"

semver@^5.4.1:
  version "5.7.2"
  resolved "https://registry.npmjs.org/semver/-/semver-5.7.2.tgz#48d55db737c3287cd4835e17fa13feace1c41ef8"
  integrity sha512-cBznnQ9KjJqU67B52RMC65CMarK2600WFnbkcaiwWq3xy/5haFJlshgnpjovMVJ+Hff49d8GEn0b87C5pDQ10g==

semver@^7.5.3:
  version "7.7.2"
  resolved "https://registry.npmjs.org/semver/-/semver-7.7.2.tgz#67d99fdcd35cec21e6f8b87a7fd515a33f982b58"
  integrity sha512-RF0Fw+rO5AMf9MAyaRXI4AV0Ulj5lMHqVxxdSgiVbixSCXoEmmX/jk0CuJw4+3SqroYO9VoUh+HcuJivvtJemA==

shimmer@^1.2.0:
  version "1.2.1"
  resolved "https://registry.npmjs.org/shimmer/-/shimmer-1.2.1.tgz#610859f7de327b587efebf501fb43117f9aff337"
  integrity sha512-sQTKC1Re/rM6XyFM6fIAGHRPVGvyXfgzIDvzoq608vM+jeyVD0Tu1E6Np0Kc2zAIFWIj963V2800iF/9LPieQw==

stack-chain@^1.3.7:
  version "1.3.7"
  resolved "https://registry.npmjs.org/stack-chain/-/stack-chain-1.3.7.tgz#d192c9ff4ea6a22c94c4dd459171e3f00cea1285"
  integrity sha512-D8cWtWVdIe/jBA7v5p5Hwl5yOSOrmZPWDPe2KxQ5UAGD+nxbxU0lKXA4h85Ta6+qgdKVL3vUxsbIZjc1kBG7ug==

tslib@^2.6.2:
  version "2.8.1"
  resolved "https://registry.npmjs.org/tslib/-/tslib-2.8.1.tgz#612efe4ed235d567e8aba5f2a5fab70280ade83f"
  integrity sha512-oJFu94HQb+KVduSUQL7wnpmqnfmLsOA/nAh6b6EH0wCEoK0/mPeXU6c3wKDV83MkOuHPRHtSXKKU99IBazS/2w==

ufo@^1.5.4:
  version "1.6.1"
  resolved "https://registry.npmjs.org/ufo/-/ufo-1.6.1.tgz#ac2db1d54614d1b22c1d603e3aef44a85d8f146b"
  integrity sha512-9a4/uxlTWJ4+a5i0ooc1rU7C7YOw3wT+UGqdeNNHWnOF9qcMBgLRS+4IYUqbczewFx4mLEig6gawh7X6mFlEkA==

undici-types@~7.8.0:
  version "7.8.0"
  resolved "https://registry.npmjs.org/undici-types/-/undici-types-7.8.0.tgz#de00b85b710c54122e44fbfd911f8d70174cd294"
  integrity sha512-9UJ2xGDvQ43tYyVMpuHlsgApydB8ZKfVYTsLDhXkFL/6gfkp+U8xTGdh8pMJv1SpZna0zxG1DwsKZsreLbXBxw==
